// !$*UTF8*$!
{
	archiveVersion = 1;
	classes = {
	};
	objectVersion = 46;
	objects = {

/* Begin PBXBuildFile section */
		0D4F331E16C65D000027A637 /* UIKit.framework in Frameworks */ = {isa = PBXBuildFile; fileRef = 0D4F331D16C65D000027A637 /* UIKit.framework */; };
		0D4F332016C65D000027A637 /* Foundation.framework in Frameworks */ = {isa = PBXBuildFile; fileRef = 0D4F331F16C65D000027A637 /* Foundation.framework */; };
		0D4F332216C65D000027A637 /* CoreGraphics.framework in Frameworks */ = {isa = PBXBuildFile; fileRef = 0D4F332116C65D000027A637 /* CoreGraphics.framework */; };
		0D4F332816C65D000027A637 /* InfoPlist.strings in Resources */ = {isa = PBXBuildFile; fileRef = 0D4F332616C65D000027A637 /* InfoPlist.strings */; };
		0D4F332A16C65D000027A637 /* main.m in Sources */ = {isa = PBXBuildFile; fileRef = 0D4F332916C65D000027A637 /* main.m */; };
		0D4F332E16C65D000027A637 /* AppDelegate.m in Sources */ = {isa = PBXBuildFile; fileRef = 0D4F332D16C65D000027A637 /* AppDelegate.m */; };
		0D4F333016C65D000027A637 /* Default.png in Resources */ = {isa = PBXBuildFile; fileRef = 0D4F332F16C65D000027A637 /* Default.png */; };
		0D4F333216C65D000027A637 /* Default@2x.png in Resources */ = {isa = PBXBuildFile; fileRef = 0D4F333116C65D000027A637 /* Default@2x.png */; };
		0D4F333416C65D000027A637 /* Default-568h@2x.png in Resources */ = {isa = PBXBuildFile; fileRef = 0D4F333316C65D000027A637 /* Default-568h@2x.png */; };
		0D4F333716C65D000027A637 /* MainStoryboard.storyboard in Resources */ = {isa = PBXBuildFile; fileRef = 0D4F333516C65D000027A637 /* MainStoryboard.storyboard */; };
		0D4F333A16C65D000027A637 /* ViewController.m in Sources */ = {isa = PBXBuildFile; fileRef = 0D4F333916C65D000027A637 /* ViewController.m */; };
/* End PBXBuildFile section */

/* Begin PBXFileReference section */
		0D4F331A16C65D000027A637 /* ScrollMenu-for-iOS.app */ = {isa = PBXFileReference; explicitFileType = wrapper.application; includeInIndex = 0; path = "ScrollMenu-for-iOS.app"; sourceTree = BUILT_PRODUCTS_DIR; };
		0D4F331D16C65D000027A637 /* UIKit.framework */ = {isa = PBXFileReference; lastKnownFileType = wrapper.framework; name = UIKit.framework; path = System/Library/Frameworks/UIKit.framework; sourceTree = SDKROOT; };
		0D4F331F16C65D000027A637 /* Foundation.framework */ = {isa = PBXFileReference; lastKnownFileType = wrapper.framework; name = Foundation.framework; path = System/Library/Frameworks/Foundation.framework; sourceTree = SDKROOT; };
		0D4F332116C65D000027A637 /* CoreGraphics.framework */ = {isa = PBXFileReference; lastKnownFileType = wrapper.framework; name = CoreGraphics.framework; path = System/Library/Frameworks/CoreGraphics.framework; sourceTree = SDKROOT; };
		0D4F332516C65D000027A637 /* ScrollMenu-for-iOS-Info.plist */ = {isa = PBXFileReference; lastKnownFileType = text.plist.xml; path = "ScrollMenu-for-iOS-Info.plist"; sourceTree = "<group>"; };
		0D4F332716C65D000027A637 /* en */ = {isa = PBXFileReference; lastKnownFileType = text.plist.strings; name = en; path = en.lproj/InfoPlist.strings; sourceTree = "<group>"; };
		0D4F332916C65D000027A637 /* main.m */ = {isa = PBXFileReference; lastKnownFileType = sourcecode.c.objc; path = main.m; sourceTree = "<group>"; };
		0D4F332B16C65D000027A637 /* ScrollMenu-for-iOS-Prefix.pch */ = {isa = PBXFileReference; lastKnownFileType = sourcecode.c.h; path = "ScrollMenu-for-iOS-Prefix.pch"; sourceTree = "<group>"; };
		0D4F332C16C65D000027A637 /* AppDelegate.h */ = {isa = PBXFileReference; lastKnownFileType = sourcecode.c.h; path = AppDelegate.h; sourceTree = "<group>"; };
		0D4F332D16C65D000027A637 /* AppDelegate.m */ = {isa = PBXFileReference; lastKnownFileType = sourcecode.c.objc; path = AppDelegate.m; sourceTree = "<group>"; };
		0D4F332F16C65D000027A637 /* Default.png */ = {isa = PBXFileReference; lastKnownFileType = image.png; path = Default.png; sourceTree = "<group>"; };
		0D4F333116C65D000027A637 /* Default@2x.png */ = {isa = PBXFileReference; lastKnownFileType = image.png; path = "Default@2x.png"; sourceTree = "<group>"; };
		0D4F333316C65D000027A637 /* Default-568h@2x.png */ = {isa = PBXFileReference; lastKnownFileType = image.png; path = "Default-568h@2x.png"; sourceTree = "<group>"; };
		0D4F333616C65D000027A637 /* en */ = {isa = PBXFileReference; lastKnownFileType = file.storyboard; name = en; path = en.lproj/MainStoryboard.storyboard; sourceTree = "<group>"; };
		0D4F333816C65D000027A637 /* ViewController.h */ = {isa = PBXFileReference; lastKnownFileType = sourcecode.c.h; path = ViewController.h; sourceTree = "<group>"; };
		0D4F333916C65D000027A637 /* ViewController.m */ = {isa = PBXFileReference; lastKnownFileType = sourcecode.c.objc; path = ViewController.m; sourceTree = "<group>"; };
/* End PBXFileReference section */

/* Begin PBXFrameworksBuildPhase section */
		0D4F331716C65CFF0027A637 /* Frameworks */ = {
			isa = PBXFrameworksBuildPhase;
			buildActionMask = 2147483647;
			files = (
				0D4F331E16C65D000027A637 /* UIKit.framework in Frameworks */,
				0D4F332016C65D000027A637 /* Foundation.framework in Frameworks */,
				0D4F332216C65D000027A637 /* CoreGraphics.framework in Frameworks */,
			);
			runOnlyForDeploymentPostprocessing = 0;
		};
/* End PBXFrameworksBuildPhase section */

/* Begin PBXGroup section */
		0D4F331116C65CFF0027A637 = {
			isa = PBXGroup;
			children = (
				0D4F332316C65D000027A637 /* ScrollMenu-for-iOS */,
				0D4F331C16C65D000027A637 /* Frameworks */,
				0D4F331B16C65D000027A637 /* Products */,
			);
			sourceTree = "<group>";
		};
		0D4F331B16C65D000027A637 /* Products */ = {
			isa = PBXGroup;
			children = (
				0D4F331A16C65D000027A637 /* ScrollMenu-for-iOS.app */,
			);
			name = Products;
			sourceTree = "<group>";
		};
		0D4F331C16C65D000027A637 /* Frameworks */ = {
			isa = PBXGroup;
			children = (
				0D4F331D16C65D000027A637 /* UIKit.framework */,
				0D4F331F16C65D000027A637 /* Foundation.framework */,
				0D4F332116C65D000027A637 /* CoreGraphics.framework */,
			);
			name = Frameworks;
			sourceTree = "<group>";
		};
		0D4F332316C65D000027A637 /* ScrollMenu-for-iOS */ = {
			isa = PBXGroup;
			children = (
				0D4F332C16C65D000027A637 /* AppDelegate.h */,
				0D4F332D16C65D000027A637 /* AppDelegate.m */,
				0D4F333516C65D000027A637 /* MainStoryboard.storyboard */,
				0D4F333816C65D000027A637 /* ViewController.h */,
				0D4F333916C65D000027A637 /* ViewController.m */,
				0D4F332416C65D000027A637 /* Supporting Files */,
			);
			path = "ScrollMenu-for-iOS";
			sourceTree = "<group>";
		};
		0D4F332416C65D000027A637 /* Supporting Files */ = {
			isa = PBXGroup;
			children = (
				0D4F332516C65D000027A637 /* ScrollMenu-for-iOS-Info.plist */,
				0D4F332616C65D000027A637 /* InfoPlist.strings */,
				0D4F332916C65D000027A637 /* main.m */,
				0D4F332B16C65D000027A637 /* ScrollMenu-for-iOS-Prefix.pch */,
				0D4F332F16C65D000027A637 /* Default.png */,
				0D4F333116C65D000027A637 /* Default@2x.png */,
				0D4F333316C65D000027A637 /* Default-568h@2x.png */,
			);
			name = "Supporting Files";
			sourceTree = "<group>";
		};
/* End PBXGroup section */

/* Begin PBXNativeTarget section */
		0D4F331916C65CFF0027A637 /* ScrollMenu-for-iOS */ = {
			isa = PBXNativeTarget;
			buildConfigurationList = 0D4F333D16C65D000027A637 /* Build configuration list for PBXNativeTarget "ScrollMenu-for-iOS" */;
			buildPhases = (
				0D4F331616C65CFF0027A637 /* Sources */,
				0D4F331716C65CFF0027A637 /* Frameworks */,
				0D4F331816C65CFF0027A637 /* Resources */,
			);
			buildRules = (
			);
			dependencies = (
			);
			name = "ScrollMenu-for-iOS";
			productName = "ScrollMenu-for-iOS";
			productReference = 0D4F331A16C65D000027A637 /* ScrollMenu-for-iOS.app */;
			productType = "com.apple.product-type.application";
		};
/* End PBXNativeTarget section */

/* Begin PBXProject section */
		0D4F331216C65CFF0027A637 /* Project object */ = {
			isa = PBXProject;
			attributes = {
				LastUpgradeCheck = 0460;
				ORGANIZATIONNAME = ojimac;
			};
			buildConfigurationList = 0D4F331516C65CFF0027A637 /* Build configuration list for PBXProject "ScrollMenu-for-iOS" */;
			compatibilityVersion = "Xcode 3.2";
			developmentRegion = English;
			hasScannedForEncodings = 0;
			knownRegions = (
				en,
			);
			mainGroup = 0D4F331116C65CFF0027A637;
			productRefGroup = 0D4F331B16C65D000027A637 /* Products */;
			projectDirPath = "";
			projectRoot = "";
			targets = (
				0D4F331916C65CFF0027A637 /* ScrollMenu-for-iOS */,
			);
		};
/* End PBXProject section */

/* Begin PBXResourcesBuildPhase section */
		0D4F331816C65CFF0027A637 /* Resources */ = {
			isa = PBXResourcesBuildPhase;
			buildActionMask = 2147483647;
			files = (
				0D4F332816C65D000027A637 /* InfoPlist.strings in Resources */,
				0D4F333016C65D000027A637 /* Default.png in Resources */,
				0D4F333216C65D000027A637 /* Default@2x.png in Resources */,
				0D4F333416C65D000027A637 /* Default-568h@2x.png in Resources */,
				0D4F333716C65D000027A637 /* MainStoryboard.storyboard in Resources */,
			);
			runOnlyForDeploymentPostprocessing = 0;
		};
/* End PBXResourcesBuildPhase section */

/* Begin PBXSourcesBuildPhase section */
		0D4F331616C65CFF0027A637 /* Sources */ = {
			isa = PBXSourcesBuildPhase;
			buildActionMask = 2147483647;
			files = (
				0D4F332A16C65D000027A637 /* main.m in Sources */,
				0D4F332E16C65D000027A637 /* AppDelegate.m in Sources */,
				0D4F333A16C65D000027A637 /* ViewController.m in Sources */,
			);
			runOnlyForDeploymentPostprocessing = 0;
		};
/* End PBXSourcesBuildPhase section */

/* Begin PBXVariantGroup section */
		0D4F332616C65D000027A637 /* InfoPlist.strings */ = {
			isa = PBXVariantGroup;
			children = (
				0D4F332716C65D000027A637 /* en */,
			);
			name = InfoPlist.strings;
			sourceTree = "<group>";
		};
		0D4F333516C65D000027A637 /* MainStoryboard.storyboard */ = {
			isa = PBXVariantGroup;
			children = (
				0D4F333616C65D000027A637 /* en */,
			);
			name = MainStoryboard.storyboard;
			sourceTree = "<group>";
		};
/* End PBXVariantGroup section */

/* Begin XCBuildConfiguration section */
		0D4F333B16C65D000027A637 /* Debug */ = {
			isa = XCBuildConfiguration;
			buildSettings = {
				ALWAYS_SEARCH_USER_PATHS = NO;
				CLANG_CXX_LANGUAGE_STANDARD = "gnu++0x";
				CLANG_CXX_LIBRARY = "libc++";
				CLANG_ENABLE_OBJC_ARC = YES;
				CLANG_WARN_CONSTANT_CONVERSION = YES;
				CLANG_WARN_EMPTY_BODY = YES;
				CLANG_WARN_ENUM_CONVERSION = YES;
				CLANG_WARN_INT_CONVERSION = YES;
				CLANG_WARN__DUPLICATE_METHOD_MATCH = YES;
				"CODE_SIGN_IDENTITY[sdk=iphoneos*]" = "iPhone Developer";
				COPY_PHASE_STRIP = NO;
				GCC_C_LANGUAGE_STANDARD = gnu99;
				GCC_DYNAMIC_NO_PIC = NO;
				GCC_OPTIMIZATION_LEVEL = 0;
				GCC_PREPROCESSOR_DEFINITIONS = (
					"DEBUG=1",
					"$(inherited)",
				);
				GCC_SYMBOLS_PRIVATE_EXTERN = NO;
				GCC_WARN_ABOUT_RETURN_TYPE = YES;
				GCC_WARN_UNINITIALIZED_AUTOS = YES;
				GCC_WARN_UNUSED_VARIABLE = YES;
				IPHONEOS_DEPLOYMENT_TARGET = 6.1;
				ONLY_ACTIVE_ARCH = YES;
				SDKROOT = iphoneos;
			};
			name = Debug;
		};
		0D4F333C16C65D000027A637 /* Release */ = {
			isa = XCBuildConfiguration;
			buildSettings = {
				ALWAYS_SEARCH_USER_PATHS = NO;
				CLANG_CXX_LANGUAGE_STANDARD = "gnu++0x";
				CLANG_CXX_LIBRARY = "libc++";
				CLANG_ENABLE_OBJC_ARC = YES;
				CLANG_WARN_CONSTANT_CONVERSION = YES;
				CLANG_WARN_EMPTY_BODY = YES;
				CLANG_WARN_ENUM_CONVERSION = YES;
				CLANG_WARN_INT_CONVERSION = YES;
				CLANG_WARN__DUPLICATE_METHOD_MATCH = YES;
				"CODE_SIGN_IDENTITY[sdk=iphoneos*]" = "iPhone Developer";
				COPY_PHASE_STRIP = YES;
				GCC_C_LANGUAGE_STANDARD = gnu99;
				GCC_WARN_ABOUT_RETURN_TYPE = YES;
				GCC_WARN_UNINITIALIZED_AUTOS = YES;
				GCC_WARN_UNUSED_VARIABLE = YES;
				IPHONEOS_DEPLOYMENT_TARGET = 6.1;
				OTHER_CFLAGS = "-DNS_BLOCK_ASSERTIONS=1";
				SDKROOT = iphoneos;
				VALIDATE_PRODUCT = YES;
			};
			name = Release;
		};
		0D4F333E16C65D000027A637 /* Debug */ = {
			isa = XCBuildConfiguration;
			buildSettings = {
				GCC_PRECOMPILE_PREFIX_HEADER = YES;
				GCC_PREFIX_HEADER = "ScrollMenu-for-iOS/ScrollMenu-for-iOS-Prefix.pch";
				INFOPLIST_FILE = "ScrollMenu-for-iOS/ScrollMenu-for-iOS-Info.plist";
				IPHONEOS_DEPLOYMENT_TARGET = 5.1;
				PRODUCT_NAME = "$(TARGET_NAME)";
				WRAPPER_EXTENSION = app;
			};
			name = Debug;
		};
		0D4F333F16C65D000027A637 /* Release */ = {
			isa = XCBuildConfiguration;
			buildSettings = {
				GCC_PRECOMPILE_PREFIX_HEADER = YES;
				GCC_PREFIX_HEADER = "ScrollMenu-for-iOS/ScrollMenu-for-iOS-Prefix.pch";
				INFOPLIST_FILE = "ScrollMenu-for-iOS/ScrollMenu-for-iOS-Info.plist";
				IPHONEOS_DEPLOYMENT_TARGET = 5.1;
				PRODUCT_NAME = "$(TARGET_NAME)";
				WRAPPER_EXTENSION = app;
			};
			name = Release;
		};
/* End XCBuildConfiguration section */

/* Begin XCConfigurationList section */
		0D4F331516C65CFF0027A637 /* Build configuration list for PBXProject "ScrollMenu-for-iOS" */ = {
			isa = XCConfigurationList;
			buildConfigurations = (
				0D4F333B16C65D000027A637 /* Debug */,
				0D4F333C16C65D000027A637 /* Release */,
			);
			defaultConfigurationIsVisible = 0;
			defaultConfigurationName = Release;
		};
		0D4F333D16C65D000027A637 /* Build configuration list for PBXNativeTarget "ScrollMenu-for-iOS" */ = {
			isa = XCConfigurationList;
			buildConfigurations = (
				0D4F333E16C65D000027A637 /* Debug */,
				0D4F333F16C65D000027A637 /* Release */,
			);
			defaultConfigurationIsVisible = 0;
		};
/* End XCConfigurationList section */
	};
	rootObject = 0D4F331216C65CFF0027A637 /* Project object */;
}
